// !$*UTF8*$!
{
	archiveVersion = 1;
	classes = {
	};
	objectVersion = 77;
	objects = {

/* Begin PBXBuildFile section */
		06B17A942CD556E600380AA6 /* AMSMB2 in Embed Frameworks */ = {isa = PBXBuildFile; productRef = 06D5B1BC2CD1B255000BC4A0 /* AMSMB2 */; settings = {ATTRIBUTES = (CodeSignOnCopy, ); }; };
		06C6E6492D1879E3005B081C /* ImagePickerView in Frameworks */ = {isa = PBXBuildFile; productRef = 06C6E6482D1879E3005B081C /* ImagePickerView */; };
		06D5B1BD2CD1B255000BC4A0 /* AMSMB2 in Frameworks */ = {isa = PBXBuildFile; productRef = 06D5B1BC2CD1B255000BC4A0 /* AMSMB2 */; };
		06D5B1C02CD1B46F000BC4A0 /* ID3TagEditor in Frameworks */ = {isa = PBXBuildFile; productRef = 06D5B1BF2CD1B46F000BC4A0 /* ID3TagEditor */; };
		06D5B22D2CD2B21F000BC4A0 /* Extensions in Frameworks */ = {isa = PBXBuildFile; productRef = 06D5B22C2CD2B21F000BC4A0 /* Extensions */; };
		06FFA9292D3128B600079B74 /* shareExt.appex in Embed Foundation Extensions */ = {isa = PBXBuildFile; fileRef = 06FFA91F2D3128B600079B74 /* shareExt.appex */; settings = {ATTRIBUTES = (RemoveHeadersOnCopy, ); }; };
/* End PBXBuildFile section */

/* Begin PBXContainerItemProxy section */
		0612F0492CD127B300816A76 /* PBXContainerItemProxy */ = {
			isa = PBXContainerItemProxy;
			containerPortal = 0612F0302CD127B100816A76 /* Project object */;
			proxyType = 1;
			remoteGlobalIDString = 0612F0372CD127B100816A76;
			remoteInfo = musicNG;
		};
		0612F0532CD127B300816A76 /* PBXContainerItemProxy */ = {
			isa = PBXContainerItemProxy;
			containerPortal = 0612F0302CD127B100816A76 /* Project object */;
			proxyType = 1;
			remoteGlobalIDString = 0612F0372CD127B100816A76;
			remoteInfo = musicNG;
		};
		06FFA9272D3128B600079B74 /* PBXContainerItemProxy */ = {
			isa = PBXContainerItemProxy;
			containerPortal = 0612F0302CD127B100816A76 /* Project object */;
			proxyType = 1;
			remoteGlobalIDString = 06FFA91E2D3128B600079B74;
			remoteInfo = shareExt;
		};
/* End PBXContainerItemProxy section */

/* Begin PBXCopyFilesBuildPhase section */
		06B17A952CD556E600380AA6 /* Embed Frameworks */ = {
			isa = PBXCopyFilesBuildPhase;
			buildActionMask = 2147483647;
			dstPath = "";
			dstSubfolderSpec = 10;
			files = (
				06B17A942CD556E600380AA6 /* AMSMB2 in Embed Frameworks */,
			);
			name = "Embed Frameworks";
			runOnlyForDeploymentPostprocessing = 0;
		};
		06FFA92A2D3128B600079B74 /* Embed Foundation Extensions */ = {
			isa = PBXCopyFilesBuildPhase;
			buildActionMask = 2147483647;
			dstPath = "";
			dstSubfolderSpec = 13;
			files = (
				06FFA9292D3128B600079B74 /* shareExt.appex in Embed Foundation Extensions */,
			);
			name = "Embed Foundation Extensions";
			runOnlyForDeploymentPostprocessing = 0;
		};
/* End PBXCopyFilesBuildPhase section */

/* Begin PBXFileReference section */
		0612F0382CD127B100816A76 /* musicNG.app */ = {isa = PBXFileReference; explicitFileType = wrapper.application; includeInIndex = 0; path = musicNG.app; sourceTree = BUILT_PRODUCTS_DIR; };
		0612F0482CD127B300816A76 /* musicNGTests.xctest */ = {isa = PBXFileReference; explicitFileType = wrapper.cfbundle; includeInIndex = 0; path = musicNGTests.xctest; sourceTree = BUILT_PRODUCTS_DIR; };
		0612F0522CD127B300816A76 /* musicNGUITests.xctest */ = {isa = PBXFileReference; explicitFileType = wrapper.cfbundle; includeInIndex = 0; path = musicNGUITests.xctest; sourceTree = BUILT_PRODUCTS_DIR; };
		06FFA91F2D3128B600079B74 /* shareExt.appex */ = {isa = PBXFileReference; explicitFileType = "wrapper.app-extension"; includeInIndex = 0; path = shareExt.appex; sourceTree = BUILT_PRODUCTS_DIR; };
/* End PBXFileReference section */

/* Begin PBXFileSystemSynchronizedBuildFileExceptionSet section */
		069DE8952CE01E6700C462A7 /* Exceptions for "musicNG" folder in "musicNG" target */ = {
			isa = PBXFileSystemSynchronizedBuildFileExceptionSet;
			membershipExceptions = (
				Info.plist,
				Resources/Localizable.xcstrings,
			);
			target = 0612F0372CD127B100816A76 /* musicNG */;
		};
		06FFA92E2D3128B600079B74 /* Exceptions for "shareExt" folder in "shareExt" target */ = {
			isa = PBXFileSystemSynchronizedBuildFileExceptionSet;
			membershipExceptions = (
				Info.plist,
			);
			target = 06FFA91E2D3128B600079B74 /* shareExt */;
		};
		06FFA9302D31295C00079B74 /* Exceptions for "musicNG" folder in "shareExt" target */ = {
			isa = PBXFileSystemSynchronizedBuildFileExceptionSet;
			membershipExceptions = (
				Assets.xcassets,
				Model/Extensiosns/FileManagerExt.swift,
				Model/Extensiosns/JSONExt.swift,
				"Resources/Fonts/avanti bold.ttf",
				Resources/Fonts/avanti.ttf,
				Resources/Localizable.xcstrings,
			);
			target = 06FFA91E2D3128B600079B74 /* shareExt */;
		};
/* End PBXFileSystemSynchronizedBuildFileExceptionSet section */

/* Begin PBXFileSystemSynchronizedRootGroup section */
		0612F0C92CD19DAB00816A76 /* musicNGUITests */ = {
			isa = PBXFileSystemSynchronizedRootGroup;
			path = musicNGUITests;
			sourceTree = "<group>";
		};
		0612F0CD2CD19DAE00816A76 /* musicNGTests */ = {
			isa = PBXFileSystemSynchronizedRootGroup;
			path = musicNGTests;
			sourceTree = "<group>";
		};
		0612F0D72CD19DB000816A76 /* musicNG */ = {
			isa = PBXFileSystemSynchronizedRootGroup;
			exceptions = (
				069DE8952CE01E6700C462A7 /* Exceptions for "musicNG" folder in "musicNG" target */,
				06FFA9302D31295C00079B74 /* Exceptions for "musicNG" folder in "shareExt" target */,
			);
			path = musicNG;
			sourceTree = "<group>";
		};
		06FFA9202D3128B600079B74 /* shareExt */ = {
			isa = PBXFileSystemSynchronizedRootGroup;
			exceptions = (
				06FFA92E2D3128B600079B74 /* Exceptions for "shareExt" folder in "shareExt" target */,
			);
			path = shareExt;
			sourceTree = "<group>";
		};
/* End PBXFileSystemSynchronizedRootGroup section */

/* Begin PBXFrameworksBuildPhase section */
		0612F0352CD127B100816A76 /* Frameworks */ = {
			isa = PBXFrameworksBuildPhase;
			buildActionMask = 2147483647;
			files = (
				06D5B22D2CD2B21F000BC4A0 /* Extensions in Frameworks */,
				06D5B1BD2CD1B255000BC4A0 /* AMSMB2 in Frameworks */,
				06D5B1C02CD1B46F000BC4A0 /* ID3TagEditor in Frameworks */,
				06C6E6492D1879E3005B081C /* ImagePickerView in Frameworks */,
			);
			runOnlyForDeploymentPostprocessing = 0;
		};
		0612F0452CD127B300816A76 /* Frameworks */ = {
			isa = PBXFrameworksBuildPhase;
			buildActionMask = 2147483647;
			files = (
			);
			runOnlyForDeploymentPostprocessing = 0;
		};
		0612F04F2CD127B300816A76 /* Frameworks */ = {
			isa = PBXFrameworksBuildPhase;
			buildActionMask = 2147483647;
			files = (
			);
			runOnlyForDeploymentPostprocessing = 0;
		};
		06FFA91C2D3128B600079B74 /* Frameworks */ = {
			isa = PBXFrameworksBuildPhase;
			buildActionMask = 2147483647;
			files = (
			);
			runOnlyForDeploymentPostprocessing = 0;
		};
/* End PBXFrameworksBuildPhase section */

/* Begin PBXGroup section */
		0612F02F2CD127B100816A76 = {
			isa = PBXGroup;
			children = (
				0612F0D72CD19DB000816A76 /* musicNG */,
				0612F0CD2CD19DAE00816A76 /* musicNGTests */,
				0612F0C92CD19DAB00816A76 /* musicNGUITests */,
				06FFA9202D3128B600079B74 /* shareExt */,
				0612F0392CD127B100816A76 /* Products */,
			);
			sourceTree = "<group>";
		};
		0612F0392CD127B100816A76 /* Products */ = {
			isa = PBXGroup;
			children = (
				0612F0382CD127B100816A76 /* musicNG.app */,
				0612F0482CD127B300816A76 /* musicNGTests.xctest */,
				0612F0522CD127B300816A76 /* musicNGUITests.xctest */,
				06FFA91F2D3128B600079B74 /* shareExt.appex */,
			);
			name = Products;
			sourceTree = "<group>";
		};
/* End PBXGroup section */

/* Begin PBXNativeTarget section */
		0612F0372CD127B100816A76 /* musicNG */ = {
			isa = PBXNativeTarget;
			buildConfigurationList = 0612F05C2CD127B300816A76 /* Build configuration list for PBXNativeTarget "musicNG" */;
			buildPhases = (
				0612F0342CD127B100816A76 /* Sources */,
				0612F0352CD127B100816A76 /* Frameworks */,
				0612F0362CD127B100816A76 /* Resources */,
				06B17A952CD556E600380AA6 /* Embed Frameworks */,
				06FFA92A2D3128B600079B74 /* Embed Foundation Extensions */,
			);
			buildRules = (
			);
			dependencies = (
				06FFA9282D3128B600079B74 /* PBXTargetDependency */,
			);
			fileSystemSynchronizedGroups = (
				0612F0D72CD19DB000816A76 /* musicNG */,
			);
			name = musicNG;
			packageProductDependencies = (
				06D5B1BC2CD1B255000BC4A0 /* AMSMB2 */,
				06D5B1BF2CD1B46F000BC4A0 /* ID3TagEditor */,
				06D5B22C2CD2B21F000BC4A0 /* Extensions */,
				06C6E6482D1879E3005B081C /* ImagePickerView */,
			);
			productName = musicNG;
			productReference = 0612F0382CD127B100816A76 /* musicNG.app */;
			productType = "com.apple.product-type.application";
		};
		0612F0472CD127B300816A76 /* musicNGTests */ = {
			isa = PBXNativeTarget;
			buildConfigurationList = 0612F05F2CD127B300816A76 /* Build configuration list for PBXNativeTarget "musicNGTests" */;
			buildPhases = (
				0612F0442CD127B300816A76 /* Sources */,
				0612F0452CD127B300816A76 /* Frameworks */,
				0612F0462CD127B300816A76 /* Resources */,
			);
			buildRules = (
			);
			dependencies = (
				0612F04A2CD127B300816A76 /* PBXTargetDependency */,
			);
			fileSystemSynchronizedGroups = (
				0612F0CD2CD19DAE00816A76 /* musicNGTests */,
			);
			name = musicNGTests;
			packageProductDependencies = (
			);
			productName = musicNGTests;
			productReference = 0612F0482CD127B300816A76 /* musicNGTests.xctest */;
			productType = "com.apple.product-type.bundle.unit-test";
		};
		0612F0512CD127B300816A76 /* musicNGUITests */ = {
			isa = PBXNativeTarget;
			buildConfigurationList = 0612F0622CD127B300816A76 /* Build configuration list for PBXNativeTarget "musicNGUITests" */;
			buildPhases = (
				0612F04E2CD127B300816A76 /* Sources */,
				0612F04F2CD127B300816A76 /* Frameworks */,
				0612F0502CD127B300816A76 /* Resources */,
			);
			buildRules = (
			);
			dependencies = (
				0612F0542CD127B300816A76 /* PBXTargetDependency */,
			);
			fileSystemSynchronizedGroups = (
				0612F0C92CD19DAB00816A76 /* musicNGUITests */,
			);
			name = musicNGUITests;
			packageProductDependencies = (
			);
			productName = musicNGUITests;
			productReference = 0612F0522CD127B300816A76 /* musicNGUITests.xctest */;
			productType = "com.apple.product-type.bundle.ui-testing";
		};
		06FFA91E2D3128B600079B74 /* shareExt */ = {
			isa = PBXNativeTarget;
			buildConfigurationList = 06FFA92D2D3128B600079B74 /* Build configuration list for PBXNativeTarget "shareExt" */;
			buildPhases = (
				06FFA91B2D3128B600079B74 /* Sources */,
				06FFA91C2D3128B600079B74 /* Frameworks */,
				06FFA91D2D3128B600079B74 /* Resources */,
			);
			buildRules = (
			);
			dependencies = (
			);
			fileSystemSynchronizedGroups = (
				06FFA9202D3128B600079B74 /* shareExt */,
			);
			name = shareExt;
			packageProductDependencies = (
			);
			productName = shareExt;
			productReference = 06FFA91F2D3128B600079B74 /* shareExt.appex */;
			productType = "com.apple.product-type.app-extension";
		};
/* End PBXNativeTarget section */

/* Begin PBXProject section */
		0612F0302CD127B100816A76 /* Project object */ = {
			isa = PBXProject;
			attributes = {
				BuildIndependentTargetsInParallel = 1;
				LastSwiftUpdateCheck = 1620;
				LastUpgradeCheck = 1610;
				TargetAttributes = {
					0612F0372CD127B100816A76 = {
						CreatedOnToolsVersion = 16.1;
					};
					0612F0472CD127B300816A76 = {
						CreatedOnToolsVersion = 16.1;
						TestTargetID = 0612F0372CD127B100816A76;
					};
					0612F0512CD127B300816A76 = {
						CreatedOnToolsVersion = 16.1;
						TestTargetID = 0612F0372CD127B100816A76;
					};
					06FFA91E2D3128B600079B74 = {
						CreatedOnToolsVersion = 16.2;
					};
				};
			};
			buildConfigurationList = 0612F0332CD127B100816A76 /* Build configuration list for PBXProject "musicNG" */;
			developmentRegion = en;
			hasScannedForEncodings = 0;
			knownRegions = (
				en,
				Base,
				ru,
			);
			mainGroup = 0612F02F2CD127B100816A76;
			minimizedProjectReferenceProxies = 1;
			packageReferences = (
				06D5B1BB2CD1B255000BC4A0 /* XCRemoteSwiftPackageReference "AMSMB2" */,
				06D5B1BE2CD1B46F000BC4A0 /* XCRemoteSwiftPackageReference "ID3TagEditor" */,
				06D5B22B2CD2B21F000BC4A0 /* XCRemoteSwiftPackageReference "Extensions" */,
				06C6E6472D1879E3005B081C /* XCRemoteSwiftPackageReference "ImagePickerView" */,
			);
			preferredProjectObjectVersion = 77;
			productRefGroup = 0612F0392CD127B100816A76 /* Products */;
			projectDirPath = "";
			projectRoot = "";
			targets = (
				0612F0372CD127B100816A76 /* musicNG */,
				0612F0472CD127B300816A76 /* musicNGTests */,
				0612F0512CD127B300816A76 /* musicNGUITests */,
				06FFA91E2D3128B600079B74 /* shareExt */,
			);
		};
/* End PBXProject section */

/* Begin PBXResourcesBuildPhase section */
		0612F0362CD127B100816A76 /* Resources */ = {
			isa = PBXResourcesBuildPhase;
			buildActionMask = 2147483647;
			files = (
			);
			runOnlyForDeploymentPostprocessing = 0;
		};
		0612F0462CD127B300816A76 /* Resources */ = {
			isa = PBXResourcesBuildPhase;
			buildActionMask = 2147483647;
			files = (
			);
			runOnlyForDeploymentPostprocessing = 0;
		};
		0612F0502CD127B300816A76 /* Resources */ = {
			isa = PBXResourcesBuildPhase;
			buildActionMask = 2147483647;
			files = (
			);
			runOnlyForDeploymentPostprocessing = 0;
		};
		06FFA91D2D3128B600079B74 /* Resources */ = {
			isa = PBXResourcesBuildPhase;
			buildActionMask = 2147483647;
			files = (
			);
			runOnlyForDeploymentPostprocessing = 0;
		};
/* End PBXResourcesBuildPhase section */

/* Begin PBXSourcesBuildPhase section */
		0612F0342CD127B100816A76 /* Sources */ = {
			isa = PBXSourcesBuildPhase;
			buildActionMask = 2147483647;
			files = (
			);
			runOnlyForDeploymentPostprocessing = 0;
		};
		0612F0442CD127B300816A76 /* Sources */ = {
			isa = PBXSourcesBuildPhase;
			buildActionMask = 2147483647;
			files = (
			);
			runOnlyForDeploymentPostprocessing = 0;
		};
		0612F04E2CD127B300816A76 /* Sources */ = {
			isa = PBXSourcesBuildPhase;
			buildActionMask = 2147483647;
			files = (
			);
			runOnlyForDeploymentPostprocessing = 0;
		};
		06FFA91B2D3128B600079B74 /* Sources */ = {
			isa = PBXSourcesBuildPhase;
			buildActionMask = 2147483647;
			files = (
			);
			runOnlyForDeploymentPostprocessing = 0;
		};
/* End PBXSourcesBuildPhase section */

/* Begin PBXTargetDependency section */
		0612F04A2CD127B300816A76 /* PBXTargetDependency */ = {
			isa = PBXTargetDependency;
			target = 0612F0372CD127B100816A76 /* musicNG */;
			targetProxy = 0612F0492CD127B300816A76 /* PBXContainerItemProxy */;
		};
		0612F0542CD127B300816A76 /* PBXTargetDependency */ = {
			isa = PBXTargetDependency;
			target = 0612F0372CD127B100816A76 /* musicNG */;
			targetProxy = 0612F0532CD127B300816A76 /* PBXContainerItemProxy */;
		};
		06FFA9282D3128B600079B74 /* PBXTargetDependency */ = {
			isa = PBXTargetDependency;
			target = 06FFA91E2D3128B600079B74 /* shareExt */;
			targetProxy = 06FFA9272D3128B600079B74 /* PBXContainerItemProxy */;
		};
/* End PBXTargetDependency section */

/* Begin XCBuildConfiguration section */
		0612F05A2CD127B300816A76 /* Debug */ = {
			isa = XCBuildConfiguration;
			buildSettings = {
				ALWAYS_SEARCH_USER_PATHS = NO;
				ASSETCATALOG_COMPILER_GENERATE_SWIFT_ASSET_SYMBOL_EXTENSIONS = YES;
				CLANG_ANALYZER_NONNULL = YES;
				CLANG_ANALYZER_NUMBER_OBJECT_CONVERSION = YES_AGGRESSIVE;
				CLANG_CXX_LANGUAGE_STANDARD = "gnu++20";
				CLANG_ENABLE_MODULES = YES;
				CLANG_ENABLE_OBJC_ARC = YES;
				CLANG_ENABLE_OBJC_WEAK = YES;
				CLANG_WARN_BLOCK_CAPTURE_AUTORELEASING = YES;
				CLANG_WARN_BOOL_CONVERSION = YES;
				CLANG_WARN_COMMA = YES;
				CLANG_WARN_CONSTANT_CONVERSION = YES;
				CLANG_WARN_DEPRECATED_OBJC_IMPLEMENTATIONS = YES;
				CLANG_WARN_DIRECT_OBJC_ISA_USAGE = YES_ERROR;
				CLANG_WARN_DOCUMENTATION_COMMENTS = YES;
				CLANG_WARN_EMPTY_BODY = YES;
				CLANG_WARN_ENUM_CONVERSION = YES;
				CLANG_WARN_INFINITE_RECURSION = YES;
				CLANG_WARN_INT_CONVERSION = YES;
				CLANG_WARN_NON_LITERAL_NULL_CONVERSION = YES;
				CLANG_WARN_OBJC_IMPLICIT_RETAIN_SELF = YES;
				CLANG_WARN_OBJC_LITERAL_CONVERSION = YES;
				CLANG_WARN_OBJC_ROOT_CLASS = YES_ERROR;
				CLANG_WARN_QUOTED_INCLUDE_IN_FRAMEWORK_HEADER = YES;
				CLANG_WARN_RANGE_LOOP_ANALYSIS = YES;
				CLANG_WARN_STRICT_PROTOTYPES = YES;
				CLANG_WARN_SUSPICIOUS_MOVE = YES;
				CLANG_WARN_UNGUARDED_AVAILABILITY = YES_AGGRESSIVE;
				CLANG_WARN_UNREACHABLE_CODE = YES;
				CLANG_WARN__DUPLICATE_METHOD_MATCH = YES;
				COPY_PHASE_STRIP = NO;
				DEBUG_INFORMATION_FORMAT = dwarf;
				ENABLE_STRICT_OBJC_MSGSEND = YES;
				ENABLE_TESTABILITY = YES;
				ENABLE_USER_SCRIPT_SANDBOXING = YES;
				GCC_C_LANGUAGE_STANDARD = gnu17;
				GCC_DYNAMIC_NO_PIC = NO;
				GCC_NO_COMMON_BLOCKS = YES;
				GCC_OPTIMIZATION_LEVEL = 0;
				GCC_PREPROCESSOR_DEFINITIONS = (
					"DEBUG=1",
					"$(inherited)",
				);
				GCC_WARN_64_TO_32_BIT_CONVERSION = YES;
				GCC_WARN_ABOUT_RETURN_TYPE = YES_ERROR;
				GCC_WARN_UNDECLARED_SELECTOR = YES;
				GCC_WARN_UNINITIALIZED_AUTOS = YES_AGGRESSIVE;
				GCC_WARN_UNUSED_FUNCTION = YES;
				GCC_WARN_UNUSED_VARIABLE = YES;
				IPHONEOS_DEPLOYMENT_TARGET = 18.1;
				LOCALIZATION_PREFERS_STRING_CATALOGS = YES;
				MTL_ENABLE_DEBUG_INFO = INCLUDE_SOURCE;
				MTL_FAST_MATH = YES;
				ONLY_ACTIVE_ARCH = YES;
				SDKROOT = iphoneos;
				SWIFT_ACTIVE_COMPILATION_CONDITIONS = "DEBUG $(inherited)";
				SWIFT_OPTIMIZATION_LEVEL = "-Onone";
			};
			name = Debug;
		};
		0612F05B2CD127B300816A76 /* Release */ = {
			isa = XCBuildConfiguration;
			buildSettings = {
				ALWAYS_SEARCH_USER_PATHS = NO;
				ASSETCATALOG_COMPILER_GENERATE_SWIFT_ASSET_SYMBOL_EXTENSIONS = YES;
				CLANG_ANALYZER_NONNULL = YES;
				CLANG_ANALYZER_NUMBER_OBJECT_CONVERSION = YES_AGGRESSIVE;
				CLANG_CXX_LANGUAGE_STANDARD = "gnu++20";
				CLANG_ENABLE_MODULES = YES;
				CLANG_ENABLE_OBJC_ARC = YES;
				CLANG_ENABLE_OBJC_WEAK = YES;
				CLANG_WARN_BLOCK_CAPTURE_AUTORELEASING = YES;
				CLANG_WARN_BOOL_CONVERSION = YES;
				CLANG_WARN_COMMA = YES;
				CLANG_WARN_CONSTANT_CONVERSION = YES;
				CLANG_WARN_DEPRECATED_OBJC_IMPLEMENTATIONS = YES;
				CLANG_WARN_DIRECT_OBJC_ISA_USAGE = YES_ERROR;
				CLANG_WARN_DOCUMENTATION_COMMENTS = YES;
				CLANG_WARN_EMPTY_BODY = YES;
				CLANG_WARN_ENUM_CONVERSION = YES;
				CLANG_WARN_INFINITE_RECURSION = YES;
				CLANG_WARN_INT_CONVERSION = YES;
				CLANG_WARN_NON_LITERAL_NULL_CONVERSION = YES;
				CLANG_WARN_OBJC_IMPLICIT_RETAIN_SELF = YES;
				CLANG_WARN_OBJC_LITERAL_CONVERSION = YES;
				CLANG_WARN_OBJC_ROOT_CLASS = YES_ERROR;
				CLANG_WARN_QUOTED_INCLUDE_IN_FRAMEWORK_HEADER = YES;
				CLANG_WARN_RANGE_LOOP_ANALYSIS = YES;
				CLANG_WARN_STRICT_PROTOTYPES = YES;
				CLANG_WARN_SUSPICIOUS_MOVE = YES;
				CLANG_WARN_UNGUARDED_AVAILABILITY = YES_AGGRESSIVE;
				CLANG_WARN_UNREACHABLE_CODE = YES;
				CLANG_WARN__DUPLICATE_METHOD_MATCH = YES;
				COPY_PHASE_STRIP = NO;
				DEBUG_INFORMATION_FORMAT = "dwarf-with-dsym";
				ENABLE_NS_ASSERTIONS = NO;
				ENABLE_STRICT_OBJC_MSGSEND = YES;
				ENABLE_USER_SCRIPT_SANDBOXING = YES;
				GCC_C_LANGUAGE_STANDARD = gnu17;
				GCC_NO_COMMON_BLOCKS = YES;
				GCC_WARN_64_TO_32_BIT_CONVERSION = YES;
				GCC_WARN_ABOUT_RETURN_TYPE = YES_ERROR;
				GCC_WARN_UNDECLARED_SELECTOR = YES;
				GCC_WARN_UNINITIALIZED_AUTOS = YES_AGGRESSIVE;
				GCC_WARN_UNUSED_FUNCTION = YES;
				GCC_WARN_UNUSED_VARIABLE = YES;
				IPHONEOS_DEPLOYMENT_TARGET = 18.1;
				LOCALIZATION_PREFERS_STRING_CATALOGS = YES;
				MTL_ENABLE_DEBUG_INFO = NO;
				MTL_FAST_MATH = YES;
				SDKROOT = iphoneos;
				SWIFT_COMPILATION_MODE = wholemodule;
				VALIDATE_PRODUCT = YES;
			};
			name = Release;
		};
		0612F05D2CD127B300816A76 /* Debug */ = {
			isa = XCBuildConfiguration;
			buildSettings = {
				ASSETCATALOG_COMPILER_APPICON_NAME = AppIcon;
				ASSETCATALOG_COMPILER_GLOBAL_ACCENT_COLOR_NAME = AccentColor;
				CODE_SIGN_ENTITLEMENTS = musicNG/musicNG.entitlements;
				CODE_SIGN_STYLE = Automatic;
				CURRENT_PROJECT_VERSION = 13;
				DEVELOPMENT_ASSET_PATHS = "\"musicNG/Preview Content\"";
				DEVELOPMENT_TEAM = 78LY33A279;
				ENABLE_PREVIEWS = YES;
				GENERATE_INFOPLIST_FILE = YES;
				INFOPLIST_FILE = musicNG/Info.plist;
				INFOPLIST_KEY_CFBundleDisplayName = "Music NG";
				INFOPLIST_KEY_LSApplicationCategoryType = "public.app-category.music";
				INFOPLIST_KEY_LSSupportsOpeningDocumentsInPlace = YES;
				INFOPLIST_KEY_UIApplicationSceneManifest_Generation = YES;
				INFOPLIST_KEY_UIApplicationSupportsIndirectInputEvents = YES;
				INFOPLIST_KEY_UILaunchScreen_Generation = YES;
				INFOPLIST_KEY_UISupportedInterfaceOrientations_iPad = "UIInterfaceOrientationPortrait UIInterfaceOrientationPortraitUpsideDown UIInterfaceOrientationLandscapeLeft UIInterfaceOrientationLandscapeRight";
				INFOPLIST_KEY_UISupportedInterfaceOrientations_iPhone = "UIInterfaceOrientationPortrait UIInterfaceOrientationLandscapeLeft UIInterfaceOrientationLandscapeRight";
				IPHONEOS_DEPLOYMENT_TARGET = 16.0;
				LD_RUNPATH_SEARCH_PATHS = (
					"$(inherited)",
					"@executable_path/Frameworks",
				);
				MARKETING_VERSION = 1.0;
				PRODUCT_BUNDLE_IDENTIFIER = ru.cloudunion.musicNG;
				PRODUCT_NAME = "$(TARGET_NAME)";
				SUPPORTED_PLATFORMS = "iphoneos iphonesimulator";
				SUPPORTS_MACCATALYST = NO;
				SUPPORTS_XR_DESIGNED_FOR_IPHONE_IPAD = NO;
				SWIFT_EMIT_LOC_STRINGS = YES;
				SWIFT_VERSION = 5.0;
				TARGETED_DEVICE_FAMILY = "1,2";
			};
			name = Debug;
		};
		0612F05E2CD127B300816A76 /* Release */ = {
			isa = XCBuildConfiguration;
			buildSettings = {
				ASSETCATALOG_COMPILER_APPICON_NAME = AppIcon;
				ASSETCATALOG_COMPILER_GLOBAL_ACCENT_COLOR_NAME = AccentColor;
				CODE_SIGN_ENTITLEMENTS = musicNG/musicNG.entitlements;
				CODE_SIGN_STYLE = Automatic;
				CURRENT_PROJECT_VERSION = 13;
				DEVELOPMENT_ASSET_PATHS = "\"musicNG/Preview Content\"";
				DEVELOPMENT_TEAM = 78LY33A279;
				ENABLE_PREVIEWS = YES;
				GENERATE_INFOPLIST_FILE = YES;
				INFOPLIST_FILE = musicNG/Info.plist;
				INFOPLIST_KEY_CFBundleDisplayName = "Music NG";
				INFOPLIST_KEY_LSApplicationCategoryType = "public.app-category.music";
				INFOPLIST_KEY_LSSupportsOpeningDocumentsInPlace = YES;
				INFOPLIST_KEY_UIApplicationSceneManifest_Generation = YES;
				INFOPLIST_KEY_UIApplicationSupportsIndirectInputEvents = YES;
				INFOPLIST_KEY_UILaunchScreen_Generation = YES;
				INFOPLIST_KEY_UISupportedInterfaceOrientations_iPad = "UIInterfaceOrientationPortrait UIInterfaceOrientationPortraitUpsideDown UIInterfaceOrientationLandscapeLeft UIInterfaceOrientationLandscapeRight";
				INFOPLIST_KEY_UISupportedInterfaceOrientations_iPhone = "UIInterfaceOrientationPortrait UIInterfaceOrientationLandscapeLeft UIInterfaceOrientationLandscapeRight";
				IPHONEOS_DEPLOYMENT_TARGET = 16.0;
				LD_RUNPATH_SEARCH_PATHS = (
					"$(inherited)",
					"@executable_path/Frameworks",
				);
				MARKETING_VERSION = 1.0;
				PRODUCT_BUNDLE_IDENTIFIER = ru.cloudunion.musicNG;
				PRODUCT_NAME = "$(TARGET_NAME)";
				SUPPORTED_PLATFORMS = "iphoneos iphonesimulator";
				SUPPORTS_MACCATALYST = NO;
				SUPPORTS_XR_DESIGNED_FOR_IPHONE_IPAD = NO;
				SWIFT_EMIT_LOC_STRINGS = YES;
				SWIFT_VERSION = 5.0;
				TARGETED_DEVICE_FAMILY = "1,2";
			};
			name = Release;
		};
		0612F0602CD127B300816A76 /* Debug */ = {
			isa = XCBuildConfiguration;
			buildSettings = {
				BUNDLE_LOADER = "$(TEST_HOST)";
				CODE_SIGN_STYLE = Automatic;
				CURRENT_PROJECT_VERSION = 1;
				DEVELOPMENT_TEAM = 78LY33A279;
				GENERATE_INFOPLIST_FILE = YES;
				IPHONEOS_DEPLOYMENT_TARGET = 18.1;
				MARKETING_VERSION = 1.0;
				PRODUCT_BUNDLE_IDENTIFIER = ru.cloudunion.musicNGTests;
				PRODUCT_NAME = "$(TARGET_NAME)";
				SWIFT_EMIT_LOC_STRINGS = NO;
				SWIFT_VERSION = 5.0;
				TARGETED_DEVICE_FAMILY = "1,2";
				TEST_HOST = "$(BUILT_PRODUCTS_DIR)/musicNG.app/$(BUNDLE_EXECUTABLE_FOLDER_PATH)/musicNG";
			};
			name = Debug;
		};
		0612F0612CD127B300816A76 /* Release */ = {
			isa = XCBuildConfiguration;
			buildSettings = {
				BUNDLE_LOADER = "$(TEST_HOST)";
				CODE_SIGN_STYLE = Automatic;
				CURRENT_PROJECT_VERSION = 1;
				DEVELOPMENT_TEAM = 78LY33A279;
				GENERATE_INFOPLIST_FILE = YES;
				IPHONEOS_DEPLOYMENT_TARGET = 18.1;
				MARKETING_VERSION = 1.0;
				PRODUCT_BUNDLE_IDENTIFIER = ru.cloudunion.musicNGTests;
				PRODUCT_NAME = "$(TARGET_NAME)";
				SWIFT_EMIT_LOC_STRINGS = NO;
				SWIFT_VERSION = 5.0;
				TARGETED_DEVICE_FAMILY = "1,2";
				TEST_HOST = "$(BUILT_PRODUCTS_DIR)/musicNG.app/$(BUNDLE_EXECUTABLE_FOLDER_PATH)/musicNG";
			};
			name = Release;
		};
		0612F0632CD127B300816A76 /* Debug */ = {
			isa = XCBuildConfiguration;
			buildSettings = {
				CODE_SIGN_STYLE = Automatic;
				CURRENT_PROJECT_VERSION = 1;
				DEVELOPMENT_TEAM = 78LY33A279;
				GENERATE_INFOPLIST_FILE = YES;
				MARKETING_VERSION = 1.0;
				PRODUCT_BUNDLE_IDENTIFIER = ru.cloudunion.musicNGUITests;
				PRODUCT_NAME = "$(TARGET_NAME)";
				SWIFT_EMIT_LOC_STRINGS = NO;
				SWIFT_VERSION = 5.0;
				TARGETED_DEVICE_FAMILY = "1,2";
				TEST_TARGET_NAME = musicNG;
			};
			name = Debug;
		};
		0612F0642CD127B300816A76 /* Release */ = {
			isa = XCBuildConfiguration;
			buildSettings = {
				CODE_SIGN_STYLE = Automatic;
				CURRENT_PROJECT_VERSION = 1;
				DEVELOPMENT_TEAM = 78LY33A279;
				GENERATE_INFOPLIST_FILE = YES;
				MARKETING_VERSION = 1.0;
				PRODUCT_BUNDLE_IDENTIFIER = ru.cloudunion.musicNGUITests;
				PRODUCT_NAME = "$(TARGET_NAME)";
				SWIFT_EMIT_LOC_STRINGS = NO;
				SWIFT_VERSION = 5.0;
				TARGETED_DEVICE_FAMILY = "1,2";
				TEST_TARGET_NAME = musicNG;
			};
			name = Release;
		};
		06FFA92B2D3128B600079B74 /* Debug */ = {
			isa = XCBuildConfiguration;
			buildSettings = {
				CODE_SIGN_ENTITLEMENTS = shareExt/shareExt.entitlements;
				CODE_SIGN_STYLE = Automatic;
				CURRENT_PROJECT_VERSION = 1;
				DEVELOPMENT_TEAM = 78LY33A279;
				GENERATE_INFOPLIST_FILE = YES;
				INFOPLIST_FILE = shareExt/Info.plist;
				INFOPLIST_KEY_CFBundleDisplayName = shareExt;
				INFOPLIST_KEY_NSHumanReadableCopyright = "";
				IPHONEOS_DEPLOYMENT_TARGET = 16.0;
				LD_RUNPATH_SEARCH_PATHS = (
					"$(inherited)",
					"@executable_path/Frameworks",
					"@executable_path/../../Frameworks",
				);
				MARKETING_VERSION = 1.0;
				PRODUCT_BUNDLE_IDENTIFIER = ru.cloudunion.musicNG.shareExt;
				PRODUCT_NAME = "$(TARGET_NAME)";
				SKIP_INSTALL = YES;
				SUPPORTED_PLATFORMS = "iphoneos iphonesimulator";
				SUPPORTS_MACCATALYST = NO;
				SUPPORTS_XR_DESIGNED_FOR_IPHONE_IPAD = NO;
				SWIFT_EMIT_LOC_STRINGS = YES;
				SWIFT_VERSION = 5.0;
				TARGETED_DEVICE_FAMILY = "1,2";
			};
			name = Debug;
		};
		06FFA92C2D3128B600079B74 /* Release */ = {
			isa = XCBuildConfiguration;
			buildSettings = {
				CODE_SIGN_ENTITLEMENTS = shareExt/shareExt.entitlements;
				CODE_SIGN_STYLE = Automatic;
				CURRENT_PROJECT_VERSION = 1;
				DEVELOPMENT_TEAM = 78LY33A279;
				GENERATE_INFOPLIST_FILE = YES;
				INFOPLIST_FILE = shareExt/Info.plist;
				INFOPLIST_KEY_CFBundleDisplayName = shareExt;
				INFOPLIST_KEY_NSHumanReadableCopyright = "";
				IPHONEOS_DEPLOYMENT_TARGET = 16.0;
				LD_RUNPATH_SEARCH_PATHS = (
					"$(inherited)",
					"@executable_path/Frameworks",
					"@executable_path/../../Frameworks",
				);
				MARKETING_VERSION = 1.0;
				PRODUCT_BUNDLE_IDENTIFIER = ru.cloudunion.musicNG.shareExt;
				PRODUCT_NAME = "$(TARGET_NAME)";
				SKIP_INSTALL = YES;
				SUPPORTED_PLATFORMS = "iphoneos iphonesimulator";
				SUPPORTS_MACCATALYST = NO;
				SUPPORTS_XR_DESIGNED_FOR_IPHONE_IPAD = NO;
				SWIFT_EMIT_LOC_STRINGS = YES;
				SWIFT_VERSION = 5.0;
				TARGETED_DEVICE_FAMILY = "1,2";
			};
			name = Release;
		};
/* End XCBuildConfiguration section */

/* Begin XCConfigurationList section */
		0612F0332CD127B100816A76 /* Build configuration list for PBXProject "musicNG" */ = {
			isa = XCConfigurationList;
			buildConfigurations = (
				0612F05A2CD127B300816A76 /* Debug */,
				0612F05B2CD127B300816A76 /* Release */,
			);
			defaultConfigurationIsVisible = 0;
			defaultConfigurationName = Release;
		};
		0612F05C2CD127B300816A76 /* Build configuration list for PBXNativeTarget "musicNG" */ = {
			isa = XCConfigurationList;
			buildConfigurations = (
				0612F05D2CD127B300816A76 /* Debug */,
				0612F05E2CD127B300816A76 /* Release */,
			);
			defaultConfigurationIsVisible = 0;
			defaultConfigurationName = Release;
		};
		0612F05F2CD127B300816A76 /* Build configuration list for PBXNativeTarget "musicNGTests" */ = {
			isa = XCConfigurationList;
			buildConfigurations = (
				0612F0602CD127B300816A76 /* Debug */,
				0612F0612CD127B300816A76 /* Release */,
			);
			defaultConfigurationIsVisible = 0;
			defaultConfigurationName = Release;
		};
		0612F0622CD127B300816A76 /* Build configuration list for PBXNativeTarget "musicNGUITests" */ = {
			isa = XCConfigurationList;
			buildConfigurations = (
				0612F0632CD127B300816A76 /* Debug */,
				0612F0642CD127B300816A76 /* Release */,
			);
			defaultConfigurationIsVisible = 0;
			defaultConfigurationName = Release;
		};
		06FFA92D2D3128B600079B74 /* Build configuration list for PBXNativeTarget "shareExt" */ = {
			isa = XCConfigurationList;
			buildConfigurations = (
				06FFA92B2D3128B600079B74 /* Debug */,
				06FFA92C2D3128B600079B74 /* Release */,
			);
			defaultConfigurationIsVisible = 0;
			defaultConfigurationName = Release;
		};
/* End XCConfigurationList section */

/* Begin XCRemoteSwiftPackageReference section */
		06C6E6472D1879E3005B081C /* XCRemoteSwiftPackageReference "ImagePickerView" */ = {
			isa = XCRemoteSwiftPackageReference;
			repositoryURL = "https://github.com/rebeloper/ImagePickerView.git";
			requirement = {
				kind = upToNextMajorVersion;
				minimumVersion = 0.2.2;
			};
		};
		06D5B1BB2CD1B255000BC4A0 /* XCRemoteSwiftPackageReference "AMSMB2" */ = {
			isa = XCRemoteSwiftPackageReference;
			repositoryURL = "https://github.com/amosavian/AMSMB2.git";
			requirement = {
				kind = upToNextMajorVersion;
				minimumVersion = 4.0.0;
			};
		};
		06D5B1BE2CD1B46F000BC4A0 /* XCRemoteSwiftPackageReference "ID3TagEditor" */ = {
			isa = XCRemoteSwiftPackageReference;
			repositoryURL = "https://github.com/chicio/ID3TagEditor.git";
			requirement = {
				kind = upToNextMajorVersion;
				minimumVersion = 5.2.0;
			};
		};
		06D5B22B2CD2B21F000BC4A0 /* XCRemoteSwiftPackageReference "Extensions" */ = {
			isa = XCRemoteSwiftPackageReference;
			repositoryURL = "https://github.com/sudovsky/Extensions.git";
			requirement = {
				kind = upToNextMajorVersion;
				minimumVersion = 1.0.0;
			};
		};
/* End XCRemoteSwiftPackageReference section */

/* Begin XCSwiftPackageProductDependency section */
		06C6E6482D1879E3005B081C /* ImagePickerView */ = {
			isa = XCSwiftPackageProductDependency;
			package = 06C6E6472D1879E3005B081C /* XCRemoteSwiftPackageReference "ImagePickerView" */;
			productName = ImagePickerView;
		};
		06D5B1BC2CD1B255000BC4A0 /* AMSMB2 */ = {
			isa = XCSwiftPackageProductDependency;
			package = 06D5B1BB2CD1B255000BC4A0 /* XCRemoteSwiftPackageReference "AMSMB2" */;
			productName = AMSMB2;
		};
		06D5B1BF2CD1B46F000BC4A0 /* ID3TagEditor */ = {
			isa = XCSwiftPackageProductDependency;
			package = 06D5B1BE2CD1B46F000BC4A0 /* XCRemoteSwiftPackageReference "ID3TagEditor" */;
			productName = ID3TagEditor;
		};
		06D5B22C2CD2B21F000BC4A0 /* Extensions */ = {
			isa = XCSwiftPackageProductDependency;
			package = 06D5B22B2CD2B21F000BC4A0 /* XCRemoteSwiftPackageReference "Extensions" */;
			productName = Extensions;
		};
/* End XCSwiftPackageProductDependency section */
	};
	rootObject = 0612F0302CD127B100816A76 /* Project object */;
}
